
Microsoft Visual Studio Solution File, Format Version 12.00
# Visual Studio Version 17
VisualStudioVersion = 17.5.33530.505
MinimumVisualStudioVersion = 10.0.40219.1
Project("{8BC9CEB8-8B4A-11D0-8D11-00A0C91BC942}") = "m14-6-1", "m14-6-1\m14-6-1.vcxproj", "{363D0D87-9064-4932-8DB4-28955B07B89D}"
EndProject
Project("{8BC9CEB8-8B4A-11D0-8D11-00A0C91BC942}") = "m14-6-2", "m14-6-2\m14-6-2.vcxproj", "{89633A1B-8B1A-4AB8-A510-EAC60F0982AD}"
EndProject
Project("{8BC9CEB8-8B4A-11D0-8D11-00A0C91BC942}") = "m14-6-3", "m14-6-3\m14-6-3.vcxproj", "{87DCE8FF-E718-4C29-8519-FEEFC5CA3E11}"
EndProject
Project("{8BC9CEB8-8B4A-11D0-8D11-00A0C91BC942}") = "m14-6-4", "m14-6-4\m14-6-4.vcxproj", "{B7DCFAB8-2A62-4E96-A757-2BA7F0104EFC}"
EndProject
Project("{8BC9CEB8-8B4A-11D0-8D11-00A0C91BC942}") = "m14-6-5", "m14-6-5\m14-6-5.vcxproj", "{7997895C-41FC-4A09-9FF2-F4237C4CE7E5}"
EndProject
Global
	GlobalSection(SolutionConfigurationPlatforms) = preSolution
		Debug|x64 = Debug|x64
		Debug|x86 = Debug|x86
		Release|x64 = Release|x64
		Release|x86 = Release|x86
	EndGlobalSection
	GlobalSection(ProjectConfigurationPlatforms) = postSolution
		{363D0D87-9064-4932-8DB4-28955B07B89D}.Debug|x64.ActiveCfg = Debug|x64
		{363D0D87-9064-4932-8DB4-28955B07B89D}.Debug|x64.Build.0 = Debug|x64
		{363D0D87-9064-4932-8DB4-28955B07B89D}.Debug|x86.ActiveCfg = Debug|Win32
		{363D0D87-9064-4932-8DB4-28955B07B89D}.Debug|x86.Build.0 = Debug|Win32
		{363D0D87-9064-4932-8DB4-28955B07B89D}.Release|x64.ActiveCfg = Release|x64
		{363D0D87-9064-4932-8DB4-28955B07B89D}.Release|x64.Build.0 = Release|x64
		{363D0D87-9064-4932-8DB4-28955B07B89D}.Release|x86.ActiveCfg = Release|Win32
		{363D0D87-9064-4932-8DB4-28955B07B89D}.Release|x86.Build.0 = Release|Win32
		{89633A1B-8B1A-4AB8-A510-EAC60F0982AD}.Debug|x64.ActiveCfg = Debug|x64
		{89633A1B-8B1A-4AB8-A510-EAC60F0982AD}.Debug|x64.Build.0 = Debug|x64
		{89633A1B-8B1A-4AB8-A510-EAC60F0982AD}.Debug|x86.ActiveCfg = Debug|Win32
		{89633A1B-8B1A-4AB8-A510-EAC60F0982AD}.Debug|x86.Build.0 = Debug|Win32
		{89633A1B-8B1A-4AB8-A510-EAC60F0982AD}.Release|x64.ActiveCfg = Release|x64
		{89633A1B-8B1A-4AB8-A510-EAC60F0982AD}.Release|x64.Build.0 = Release|x64
		{89633A1B-8B1A-4AB8-A510-EAC60F0982AD}.Release|x86.ActiveCfg = Release|Win32
		{89633A1B-8B1A-4AB8-A510-EAC60F0982AD}.Release|x86.Build.0 = Release|Win32
		{87DCE8FF-E718-4C29-8519-FEEFC5CA3E11}.Debug|x64.ActiveCfg = Debug|x64
		{87DCE8FF-E718-4C29-8519-FEEFC5CA3E11}.Debug|x64.Build.0 = Debug|x64
		{87DCE8FF-E718-4C29-8519-FEEFC5CA3E11}.Debug|x86.ActiveCfg = Debug|Win32
		{87DCE8FF-E718-4C29-8519-FEEFC5CA3E11}.Debug|x86.Build.0 = Debug|Win32
		{87DCE8FF-E718-4C29-8519-FEEFC5CA3E11}.Release|x64.ActiveCfg = Release|x64
		{87DCE8FF-E718-4C29-8519-FEEFC5CA3E11}.Release|x64.Build.0 = Release|x64
		{87DCE8FF-E718-4C29-8519-FEEFC5CA3E11}.Release|x86.ActiveCfg = Release|Win32
		{87DCE8FF-E718-4C29-8519-FEEFC5CA3E11}.Release|x86.Build.0 = Release|Win32
		{B7DCFAB8-2A62-4E96-A757-2BA7F0104EFC}.Debug|x64.ActiveCfg = Debug|x64
		{B7DCFAB8-2A62-4E96-A757-2BA7F0104EFC}.Debug|x64.Build.0 = Debug|x64
		{B7DCFAB8-2A62-4E96-A757-2BA7F0104EFC}.Debug|x86.ActiveCfg = Debug|Win32
		{B7DCFAB8-2A62-4E96-A757-2BA7F0104EFC}.Debug|x86.Build.0 = Debug|Win32
		{B7DCFAB8-2A62-4E96-A757-2BA7F0104EFC}.Release|x64.ActiveCfg = Release|x64
		{B7DCFAB8-2A62-4E96-A757-2BA7F0104EFC}.Release|x64.Build.0 = Release|x64
		{B7DCFAB8-2A62-4E96-A757-2BA7F0104EFC}.Release|x86.ActiveCfg = Release|Win32
		{B7DCFAB8-2A62-4E96-A757-2BA7F0104EFC}.Release|x86.Build.0 = Release|Win32
		{7997895C-41FC-4A09-9FF2-F4237C4CE7E5}.Debug|x64.ActiveCfg = Debug|x64
		{7997895C-41FC-4A09-9FF2-F4237C4CE7E5}.Debug|x64.Build.0 = Debug|x64
		{7997895C-41FC-4A09-9FF2-F4237C4CE7E5}.Debug|x86.ActiveCfg = Debug|Win32
		{7997895C-41FC-4A09-9FF2-F4237C4CE7E5}.Debug|x86.Build.0 = Debug|Win32
		{7997895C-41FC-4A09-9FF2-F4237C4CE7E5}.Release|x64.ActiveCfg = Release|x64
		{7997895C-41FC-4A09-9FF2-F4237C4CE7E5}.Release|x64.Build.0 = Release|x64
		{7997895C-41FC-4A09-9FF2-F4237C4CE7E5}.Release|x86.ActiveCfg = Release|Win32
		{7997895C-41FC-4A09-9FF2-F4237C4CE7E5}.Release|x86.Build.0 = Release|Win32
	EndGlobalSection
	GlobalSection(SolutionProperties) = preSolution
		HideSolutionNode = FALSE
	EndGlobalSection
	GlobalSection(ExtensibilityGlobals) = postSolution
		SolutionGuid = {6E55626F-0C9A-482D-B19D-211BF3F1FB6A}
	EndGlobalSection
EndGlobal
